
Microsoft Visual Studio Solution File, Format Version 12.00
# Visual Studio 15
VisualStudioVersion = 15.0.27703.2035
MinimumVisualStudioVersion = 10.0.40219.1
Project("{9A19103F-16F7-4668-BE54-9A1E7A4F7556}") = "SaaSApp", "SaaSApp\SaaSApp.csproj", "{B0F1F71C-43A9-4F96-9B22-F2ADD33FA7B5}"
EndProject
Global
	GlobalSection(SolutionConfigurationPlatforms) = preSolution
		Debug|Any CPU = Debug|Any CPU
		Release|Any CPU = Release|Any CPU
	EndGlobalSection
	GlobalSection(ProjectConfigurationPlatforms) = postSolution
		{B0F1F71C-43A9-4F96-9B22-F2ADD33FA7B5}.Debug|Any CPU.ActiveCfg = Debug|Any CPU
		{B0F1F71C-43A9-4F96-9B22-F2ADD33FA7B5}.Debug|Any CPU.Build.0 = Debug|Any CPU
		{B0F1F71C-43A9-4F96-9B22-F2ADD33FA7B5}.Release|Any CPU.ActiveCfg = Release|Any CPU
		{B0F1F71C-43A9-4F96-9B22-F2ADD33FA7B5}.Release|Any CPU.Build.0 = Release|Any CPU
	EndGlobalSection
	GlobalSection(SolutionProperties) = preSolution
		HideSolutionNode = FALSE
	EndGlobalSection
	GlobalSection(ExtensibilityGlobals) = postSolution
		SolutionGuid = {02E582AD-F51A-49F3-B98F-1B569A76764E}
	EndGlobalSection
EndGlobal
